
Microsoft Visual Studio Solution File, Format Version 12.00
# Visual Studio 15
VisualStudioVersion = 15.0.28307.168
MinimumVisualStudioVersion = 10.0.40219.1
Project("{FAE04EC0-301F-11D3-BF4B-00C04F79EFBC}") = "EfSamurai.Data", "EfSamurai.Data\EfSamurai.Data.csproj", "{961E604D-54D4-4F7B-84E2-74A73F721486}"
EndProject
Project("{FAE04EC0-301F-11D3-BF4B-00C04F79EFBC}") = "EfSamurai.Domain", "EfSamurai.Domain\EfSamurai.Domain.csproj", "{EB1269DA-85B4-48CB-BFF0-AC0A0CF18053}"
EndProject
Global
	GlobalSection(SolutionConfigurationPlatforms) = preSolution
		Debug|Any CPU = Debug|Any CPU
		Release|Any CPU = Release|Any CPU
	EndGlobalSection
	GlobalSection(ProjectConfigurationPlatforms) = postSolution
		{961E604D-54D4-4F7B-84E2-74A73F721486}.Debug|Any CPU.ActiveCfg = Debug|Any CPU
		{961E604D-54D4-4F7B-84E2-74A73F721486}.Debug|Any CPU.Build.0 = Debug|Any CPU
		{961E604D-54D4-4F7B-84E2-74A73F721486}.Release|Any CPU.ActiveCfg = Release|Any CPU
		{961E604D-54D4-4F7B-84E2-74A73F721486}.Release|Any CPU.Build.0 = Release|Any CPU
		{EB1269DA-85B4-48CB-BFF0-AC0A0CF18053}.Debug|Any CPU.ActiveCfg = Debug|Any CPU
		{EB1269DA-85B4-48CB-BFF0-AC0A0CF18053}.Debug|Any CPU.Build.0 = Debug|Any CPU
		{EB1269DA-85B4-48CB-BFF0-AC0A0CF18053}.Release|Any CPU.ActiveCfg = Release|Any CPU
		{EB1269DA-85B4-48CB-BFF0-AC0A0CF18053}.Release|Any CPU.Build.0 = Release|Any CPU
	EndGlobalSection
	GlobalSection(SolutionProperties) = preSolution
		HideSolutionNode = FALSE
	EndGlobalSection
	GlobalSection(ExtensibilityGlobals) = postSolution
		SolutionGuid = {25A4C680-BAF3-4045-AC5A-822F3E4AFE5A}
	EndGlobalSection
EndGlobal
